
Microsoft Visual Studio Solution File, Format Version 12.00
# Visual Studio Version 17
VisualStudioVersion = 17.6.33815.320
MinimumVisualStudioVersion = 10.0.40219.1
Project("{9A19103F-16F7-4668-BE54-9A1E7A4F7556}") = "App CRM", "App CRM.csproj", "{17EF6A28-2764-4A57-B7C2-3E28EC212591}"
EndProject
Global
	GlobalSection(SolutionConfigurationPlatforms) = preSolution
		Debug|Any CPU = Debug|Any CPU
		Release|Any CPU = Release|Any CPU
	EndGlobalSection
	GlobalSection(ProjectConfigurationPlatforms) = postSolution
		{17EF6A28-2764-4A57-B7C2-3E28EC212591}.Debug|Any CPU.ActiveCfg = Debug|Any CPU
		{17EF6A28-2764-4A57-B7C2-3E28EC212591}.Debug|Any CPU.Build.0 = Debug|Any CPU
		{17EF6A28-2764-4A57-B7C2-3E28EC212591}.Release|Any CPU.ActiveCfg = Release|Any CPU
		{17EF6A28-2764-4A57-B7C2-3E28EC212591}.Release|Any CPU.Build.0 = Release|Any CPU
	EndGlobalSection
	GlobalSection(SolutionProperties) = preSolution
		HideSolutionNode = FALSE
	EndGlobalSection
	GlobalSection(ExtensibilityGlobals) = postSolution
		SolutionGuid = {4553283D-CDE4-4E32-B3F3-1C1E485DCC8C}
	EndGlobalSection
EndGlobal
